
Microsoft Visual Studio Solution File, Format Version 11.00
# Visual Studio 2010
Project("{FAE04EC0-301F-11D3-BF4B-00C04F79EFBC}") = "Assembly-CSharp", "Assembly-CSharp.csproj", "{415b9ad7-35db-d81c-c3c3-ff6b7ba0d073}"
EndProject
Project("{FAE04EC0-301F-11D3-BF4B-00C04F79EFBC}") = "Assembly-CSharp-Editor", "Assembly-CSharp-Editor.csproj", "{5ab9ecdd-6ac8-1dd2-42ae-eb3c953a3453}"
EndProject
Global
	GlobalSection(SolutionConfigurationPlatforms) = preSolution
		Debug|Any CPU = Debug|Any CPU
	EndGlobalSection
	GlobalSection(ProjectConfigurationPlatforms) = postSolution
		{415b9ad7-35db-d81c-c3c3-ff6b7ba0d073}.Debug|Any CPU.ActiveCfg = Debug|Any CPU
		{415b9ad7-35db-d81c-c3c3-ff6b7ba0d073}.Debug|Any CPU.Build.0 = Debug|Any CPU
		{5ab9ecdd-6ac8-1dd2-42ae-eb3c953a3453}.Debug|Any CPU.ActiveCfg = Debug|Any CPU
		{5ab9ecdd-6ac8-1dd2-42ae-eb3c953a3453}.Debug|Any CPU.Build.0 = Debug|Any CPU
	EndGlobalSection
	GlobalSection(SolutionProperties) = preSolution
		HideSolutionNode = FALSE
	EndGlobalSection
EndGlobal
